lockfileVersion: '9.0'

settings:
  autoInstallPeers: true
  excludeLinksFromLockfile: false

importers:

  .:
    devDependencies:
      turbo:
        specifier: ^2.5.4
        version: 2.9.16
      typescript:
        specifier: ^5.8.3
        version: 5.9.3

  docs:
    dependencies:
      '@kkt/react':
        specifier: workspace:*
        version: link:../packages/react
      '@kkt/tokens':
        specifier: workspace:*
        version: link:../packages/tokens

  packages/core:
    dependencies:
      '@kkt/tokens':
        specifier: workspace:*
        version: link:../tokens
    devDependencies:
      typescript:
        specifier: '*'
        version: 5.9.3

  packages/react:
    dependencies:
      '@kkt/core':
        specifier: workspace:*
        version: link:../core
      '@kkt/tokens':
        specifier: workspace:*
        version: link:../tokens
    devDependencies:
      '@types/react':
        specifier: ^18.3.23
        version: 18.3.30
      '@types/react-dom':
        specifier: ^18.3.7
        version: 18.3.7(@types/react@18.3.30)
      react:
        specifier: ^18.3.1
        version: 18.3.1
      react-dom:
        specifier: ^18.3.1
        version: 18.3.1(react@18.3.1)
      typescript:
        specifier: '*'
        version: 5.9.3

  packages/tokens:
    devDependencies:
      typescript:
        specifier: '*'
        version: 5.9.3

packages:

  '@turbo/darwin-64@2.9.16':
    resolution: {integrity: sha512-jLjApWTSNd7JZ5JaLYfelW1ytnGQOvB7ivl+2RD1xQvJTbi8I9gBjzcga7tDZVPyaxpl10YTfJt3BrYXR18KDw==}
    cpu: [x64]
    os: [darwin]

  '@turbo/darwin-arm64@2.9.16':
    resolution: {integrity: sha512-YPgrn+5HIGzrx0O2a631SV4MBQUe4W/DafMFUuBVgaU32PW9/OTT0ehviF0QSxTXuRJlHvW2eUTemddF5/spmw==}
    cpu: [arm64]
    os: [darwin]

  '@turbo/linux-64@2.9.16':
    resolution: {integrity: sha512-vAEf1H6l26lTpl9FJ/peQo1NUB8RC0sbEJJz5mPcUhHA2bPDup2x3CZPgo/bH8S4cUcBLm4FN3UHd5iUO2RAew==}
    cpu: [x64]
    os: [linux]

  '@turbo/linux-arm64@2.9.16':
    resolution: {integrity: sha512-xDBLR2PZg4BrQOchfG6svgpv5FCNJ2TOtT2psLdEJcdKo1BH+pnPs9Xj6pvUjgfkHbuvBOfeE4R6tvxMoQKDHQ==}
    cpu: [arm64]
    os: [linux]

  '@turbo/windows-64@2.9.16':
    resolution: {integrity: sha512-NBAJnaUiGdgkSzQwUIdOvkCkcpTSu58G/sBGa0mvBtzfvFOOgrQwepKOOQ8cp6sWM6OcKDNFj2p1dsZA1OWjPg==}
    cpu: [x64]
    os: [win32]

  '@turbo/windows-arm64@2.9.16':
    resolution: {integrity: sha512-Y7SJppD0Z8wjO3Ec0ZGd9KQ4Yv0BMnA8CIowj5Vp+OEVsosXDG2weK6/t1RRLfJmc2Ozrnd6y4DOgQys+mn3WQ==}
    cpu: [arm64]
    os: [win32]

  '@types/prop-types@15.7.15':
    resolution: {integrity: sha512-F6bEyamV9jKGAFBEmlQnesRPGOQqS2+Uwi0Em15xenOxHaf2hv6L8YCVn3rPdPJOiJfPiCnLIRyvwVaqMY3MIw==}

  '@types/react-dom@18.3.7':
    resolution: {integrity: sha512-MEe3UeoENYVFXzoXEWsvcpg6ZvlrFNlOQ7EOsvhI3CfAXwzPfO8Qwuxd40nepsYKqyyVQnTdEfv68q91yLcKrQ==}
    peerDependencies:
      '@types/react': ^18.0.0

  '@types/react@18.3.30':
    resolution: {integrity: sha512-3ek6mwJL5/VBewBcY4S66cqlCtK3qi4WIq37Z0m/NHw1hjhI7274Mx1qz/+ggSzyBCOEf7eHjBN6INjPAWYfYw==}

  csstype@3.2.3:
    resolution: {integrity: sha512-z1HGKcYy2xA8AGQfwrn0PAy+PB7X/GSj3UVJW9qKyn43xWa+gl5nXmU4qqLMRzWVLFC8KusUX8T/0kCiOYpAIQ==}

  js-tokens@4.0.0:
    resolution: {integrity: sha512-RdJUflcE3cUzKiMqQgsCu06FPu9UdIJO0beYbPhHN4k6apgJtifcoCtT9bcxOpYBtpD2kCM6Sbzg4CausW/PKQ==}

  loose-envify@1.4.0:
    resolution: {integrity: sha512-lyuxPGr/Wfhrlem2CL/UcnUc1zcqKAImBDzukY7Y5F/yQiNdko6+fRLevlw1HgMySw7f611UIY408EtxRSoK3Q==}
    hasBin: true

  react-dom@18.3.1:
    resolution: {integrity: sha512-5m4nQKp+rZRb09LNH59GM4BxTh9251/ylbKIbpe7TpGxfJ+9kv6BLkLBXIjjspbgbnIBNqlI23tRnTWT0snUIw==}
    peerDependencies:
      react: ^18.3.1

  react@18.3.1:
    resolution: {integrity: sha512-wS+hAgJShR0KhEvPJArfuPVN1+Hz1t0Y6n5jLrGQbkb4urgPE/0Rve+1kMB1v/oWgHgm4WIcV+i7F2pTVj+2iQ==}
    engines: {node: '>=0.10.0'}

  scheduler@0.23.2:
    resolution: {integrity: sha512-UOShsPwz7NrMUqhR6t0hWjFduvOzbtv7toDH1/hIrfRNIDBnnBWd0CwJTGvTpngVlmwGCdP9/Zl/tVrDqcuYzQ==}

  turbo@2.9.16:
    resolution: {integrity: sha512-NqgRQy6j6dPYcdSdv0q1g9QsZg7SWg87RERM8otw/1AtKU2yTFVClOM7cbwKzOonZr/Ek1blTBucw64L9H0Bwg==}
    hasBin: true

  typescript@5.9.3:
    resolution: {integrity: sha512-jl1vZzPDinLr9eUt3J/t7V6FgNEw9QjvBPdysz9KfQDD41fQrC2Y4vKQdiaUpFT4bXlb1RHhLpp8wtm6M5TgSw==}
    engines: {node: '>=14.17'}
    hasBin: true

snapshots:

  '@turbo/darwin-64@2.9.16':
    optional: true

  '@turbo/darwin-arm64@2.9.16':
    optional: true

  '@turbo/linux-64@2.9.16':
    optional: true

  '@turbo/linux-arm64@2.9.16':
    optional: true

  '@turbo/windows-64@2.9.16':
    optional: true

  '@turbo/windows-arm64@2.9.16':
    optional: true

  '@types/prop-types@15.7.15': {}

  '@types/react-dom@18.3.7(@types/react@18.3.30)':
    dependencies:
      '@types/react': 18.3.30

  '@types/react@18.3.30':
    dependencies:
      '@types/prop-types': 15.7.15
      csstype: 3.2.3

  csstype@3.2.3: {}

  js-tokens@4.0.0: {}

  loose-envify@1.4.0:
    dependencies:
      js-tokens: 4.0.0

  react-dom@18.3.1(react@18.3.1):
    dependencies:
      loose-envify: 1.4.0
      react: 18.3.1
      scheduler: 0.23.2

  react@18.3.1:
    dependencies:
      loose-envify: 1.4.0

  scheduler@0.23.2:
    dependencies:
      loose-envify: 1.4.0

  turbo@2.9.16:
    optionalDependencies:
      '@turbo/darwin-64': 2.9.16
      '@turbo/darwin-arm64': 2.9.16
      '@turbo/linux-64': 2.9.16
      '@turbo/linux-arm64': 2.9.16
      '@turbo/windows-64': 2.9.16
      '@turbo/windows-arm64': 2.9.16

  typescript@5.9.3: {}
